Microsoft Visual Studio Solution File, Format Version 11.00
# Visual Studio 2010
Project("{FAE04EC0-301F-11D3-BF4B-00C04F79EFBC}") = "New Unity ProjectSpaceShooter", "Assembly-CSharp.csproj", "{B54C85E0-3DEA-03FE-0E0C-F4167B30A887}"
EndProject
Project("{FAE04EC0-301F-11D3-BF4B-00C04F79EFBC}") = "New Unity ProjectSpaceShooter", "Assembly-CSharp-Editor.csproj", "{39845426-A881-7199-A3D8-21407EEDE512}"
EndProject
Global
	GlobalSection(SolutionConfigurationPlatforms) = preSolution
		Debug|Any CPU = Debug|Any CPU
		Release|Any CPU = Release|Any CPU
	EndGlobalSection
	GlobalSection(ProjectConfigurationPlatforms) = postSolution
		{B54C85E0-3DEA-03FE-0E0C-F4167B30A887}.Debug|Any CPU.ActiveCfg = Debug|Any CPU
		{B54C85E0-3DEA-03FE-0E0C-F4167B30A887}.Debug|Any CPU.Build.0 = Debug|Any CPU
		{B54C85E0-3DEA-03FE-0E0C-F4167B30A887}.Release|Any CPU.ActiveCfg = Release|Any CPU
		{B54C85E0-3DEA-03FE-0E0C-F4167B30A887}.Release|Any CPU.Build.0 = Release|Any CPU
		{39845426-A881-7199-A3D8-21407EEDE512}.Debug|Any CPU.ActiveCfg = Debug|Any CPU
		{39845426-A881-7199-A3D8-21407EEDE512}.Debug|Any CPU.Build.0 = Debug|Any CPU
		{39845426-A881-7199-A3D8-21407EEDE512}.Release|Any CPU.ActiveCfg = Release|Any CPU
		{39845426-A881-7199-A3D8-21407EEDE512}.Release|Any CPU.Build.0 = Release|Any CPU
	EndGlobalSection
	GlobalSection(MonoDevelopProperties) = preSolution
		StartupItem = Assembly-CSharp.csproj
	EndGlobalSection
EndGlobal
